<Solution>
  <Folder Name="/src/">
    <Project Path="src/KarmasisQueueExplorer.App/KarmasisQueueExplorer.App.csproj" />
    <Project Path="src/KarmasisQueueExplorer.Core/KarmasisQueueExplorer.Core.csproj" />
  </Folder>
  <Folder Name="/tests/">
    <Project Path="tests/KarmasisQueueExplorer.Tests/KarmasisQueueExplorer.Tests.csproj" />
  </Folder>
</Solution>
